// !$*UTF8*$!
{
	archiveVersion = 1;
	classes = {
	};
	objectVersion = 46;
	objects = {

/* Begin PBXBuildFile section */
		3FFF1CC51762756B00585A55 /* Foundation.framework in Frameworks */ = {isa = PBXBuildFile; fileRef = 3FFF1CC41762756B00585A55 /* Foundation.framework */; };
		3FFF1CC81762756B00585A55 /* main.m in Sources */ = {isa = PBXBuildFile; fileRef = 3FFF1CC71762756B00585A55 /* main.m */; };
		3FFF1CCC1762756B00585A55 /* PhoMRE.1 in CopyFiles */ = {isa = PBXBuildFile; fileRef = 3FFF1CCB1762756B00585A55 /* PhoMRE.1 */; };
		3FFF1CDD1762839C00585A55 /* PMSong.m in Sources */ = {isa = PBXBuildFile; fileRef = 3FFF1CD91762839C00585A55 /* PMSong.m */; };
		3FFF1CDE1762839C00585A55 /* PMArtist.m in Sources */ = {isa = PBXBuildFile; fileRef = 3FFF1CDB1762839C00585A55 /* PMArtist.m */; };
		3FFF1CE4176285FF00585A55 /* PMControl.m in Sources */ = {isa = PBXBuildFile; fileRef = 3FFF1CE3176285FF00585A55 /* PMControl.m */; };
/* End PBXBuildFile section */

/* Begin PBXCopyFilesBuildPhase section */
		3FFF1CBF1762756B00585A55 /* CopyFiles */ = {
			isa = PBXCopyFilesBuildPhase;
			buildActionMask = 2147483647;
			dstPath = /usr/share/man/man1/;
			dstSubfolderSpec = 0;
			files = (
				3FFF1CCC1762756B00585A55 /* PhoMRE.1 in CopyFiles */,
			);
			runOnlyForDeploymentPostprocessing = 1;
		};
/* End PBXCopyFilesBuildPhase section */

/* Begin PBXFileReference section */
		3FFF1CC11762756B00585A55 /* PhoMRE */ = {isa = PBXFileReference; explicitFileType = "compiled.mach-o.executable"; includeInIndex = 0; path = PhoMRE; sourceTree = BUILT_PRODUCTS_DIR; };
		3FFF1CC41762756B00585A55 /* Foundation.framework */ = {isa = PBXFileReference; lastKnownFileType = wrapper.framework; name = Foundation.framework; path = System/Library/Frameworks/Foundation.framework; sourceTree = SDKROOT; };
		3FFF1CC71762756B00585A55 /* main.m */ = {isa = PBXFileReference; lastKnownFileType = sourcecode.c.objc; path = main.m; sourceTree = "<group>"; };
		3FFF1CCA1762756B00585A55 /* PhoMRE-Prefix.pch */ = {isa = PBXFileReference; lastKnownFileType = sourcecode.c.h; path = "PhoMRE-Prefix.pch"; sourceTree = "<group>"; };
		3FFF1CCB1762756B00585A55 /* PhoMRE.1 */ = {isa = PBXFileReference; lastKnownFileType = text.man; path = PhoMRE.1; sourceTree = "<group>"; };
		3FFF1CD91762839C00585A55 /* PMSong.m */ = {isa = PBXFileReference; fileEncoding = 4; lastKnownFileType = sourcecode.c.objc; name = PMSong.m; path = DataStructures/PMSong.m; sourceTree = "<group>"; };
		3FFF1CDA1762839C00585A55 /* PMSong.h */ = {isa = PBXFileReference; fileEncoding = 4; lastKnownFileType = sourcecode.c.h; name = PMSong.h; path = DataStructures/PMSong.h; sourceTree = "<group>"; };
		3FFF1CDB1762839C00585A55 /* PMArtist.m */ = {isa = PBXFileReference; fileEncoding = 4; lastKnownFileType = sourcecode.c.objc; name = PMArtist.m; path = DataStructures/PMArtist.m; sourceTree = "<group>"; };
		3FFF1CDC1762839C00585A55 /* PMArtist.h */ = {isa = PBXFileReference; fileEncoding = 4; lastKnownFileType = sourcecode.c.h; name = PMArtist.h; path = DataStructures/PMArtist.h; sourceTree = "<group>"; };
		3FFF1CE2176285FF00585A55 /* PMControl.h */ = {isa = PBXFileReference; fileEncoding = 4; lastKnownFileType = sourcecode.c.h; name = PMControl.h; path = Blackboard/PMControl.h; sourceTree = "<group>"; };
		3FFF1CE3176285FF00585A55 /* PMControl.m */ = {isa = PBXFileReference; fileEncoding = 4; lastKnownFileType = sourcecode.c.objc; name = PMControl.m; path = Blackboard/PMControl.m; sourceTree = "<group>"; };
/* End PBXFileReference section */

/* Begin PBXFrameworksBuildPhase section */
		3FFF1CBE1762756B00585A55 /* Frameworks */ = {
			isa = PBXFrameworksBuildPhase;
			buildActionMask = 2147483647;
			files = (
				3FFF1CC51762756B00585A55 /* Foundation.framework in Frameworks */,
			);
			runOnlyForDeploymentPostprocessing = 0;
		};
/* End PBXFrameworksBuildPhase section */

/* Begin PBXGroup section */
		3FFF1CB81762756B00585A55 = {
			isa = PBXGroup;
			children = (
				3FFF1CC61762756B00585A55 /* PhoMRE */,
				3FFF1CC31762756B00585A55 /* Frameworks */,
				3FFF1CC21762756B00585A55 /* Products */,
			);
			sourceTree = "<group>";
		};
		3FFF1CC21762756B00585A55 /* Products */ = {
			isa = PBXGroup;
			children = (
				3FFF1CC11762756B00585A55 /* PhoMRE */,
			);
			name = Products;
			sourceTree = "<group>";
		};
		3FFF1CC31762756B00585A55 /* Frameworks */ = {
			isa = PBXGroup;
			children = (
				3FFF1CC41762756B00585A55 /* Foundation.framework */,
			);
			name = Frameworks;
			sourceTree = "<group>";
		};
		3FFF1CC61762756B00585A55 /* PhoMRE */ = {
			isa = PBXGroup;
			children = (
				3FFF1CC71762756B00585A55 /* main.m */,
				3FFF1CCB1762756B00585A55 /* PhoMRE.1 */,
				3FFF1CC91762756B00585A55 /* Supporting Files */,
				3FFF1CD517627E0A00585A55 /* Data Structures */,
				3FFF1CE517628B7700585A55 /* Blackboard */,
			);
			path = PhoMRE;
			sourceTree = "<group>";
		};
		3FFF1CC91762756B00585A55 /* Supporting Files */ = {
			isa = PBXGroup;
			children = (
				3FFF1CCA1762756B00585A55 /* PhoMRE-Prefix.pch */,
			);
			name = "Supporting Files";
			sourceTree = "<group>";
		};
		3FFF1CD517627E0A00585A55 /* Data Structures */ = {
			isa = PBXGroup;
			children = (
				3FFF1CDA1762839C00585A55 /* PMSong.h */,
				3FFF1CD91762839C00585A55 /* PMSong.m */,
				3FFF1CDC1762839C00585A55 /* PMArtist.h */,
				3FFF1CDB1762839C00585A55 /* PMArtist.m */,
			);
			name = "Data Structures";
			sourceTree = "<group>";
		};
		3FFF1CE517628B7700585A55 /* Blackboard */ = {
			isa = PBXGroup;
			children = (
				3FFF1CE2176285FF00585A55 /* PMControl.h */,
				3FFF1CE3176285FF00585A55 /* PMControl.m */,
			);
			name = Blackboard;
			sourceTree = "<group>";
		};
/* End PBXGroup section */

/* Begin PBXNativeTarget section */
		3FFF1CC01762756B00585A55 /* PhoMRE */ = {
			isa = PBXNativeTarget;
			buildConfigurationList = 3FFF1CCF1762756B00585A55 /* Build configuration list for PBXNativeTarget "PhoMRE" */;
			buildPhases = (
				3FFF1CBD1762756B00585A55 /* Sources */,
				3FFF1CBE1762756B00585A55 /* Frameworks */,
				3FFF1CBF1762756B00585A55 /* CopyFiles */,
			);
			buildRules = (
			);
			dependencies = (
			);
			name = PhoMRE;
			productName = PhoMRE;
			productReference = 3FFF1CC11762756B00585A55 /* PhoMRE */;
			productType = "com.apple.product-type.tool";
		};
/* End PBXNativeTarget section */

/* Begin PBXProject section */
		3FFF1CB91762756B00585A55 /* Project object */ = {
			isa = PBXProject;
			attributes = {
				LastUpgradeCheck = 0460;
				ORGANIZATIONNAME = "Joseph Malandruccolo";
			};
			buildConfigurationList = 3FFF1CBC1762756B00585A55 /* Build configuration list for PBXProject "PhoMRE" */;
			compatibilityVersion = "Xcode 3.2";
			developmentRegion = English;
			hasScannedForEncodings = 0;
			knownRegions = (
				en,
			);
			mainGroup = 3FFF1CB81762756B00585A55;
			productRefGroup = 3FFF1CC21762756B00585A55 /* Products */;
			projectDirPath = "";
			projectRoot = "";
			targets = (
				3FFF1CC01762756B00585A55 /* PhoMRE */,
			);
		};
/* End PBXProject section */

/* Begin PBXSourcesBuildPhase section */
		3FFF1CBD1762756B00585A55 /* Sources */ = {
			isa = PBXSourcesBuildPhase;
			buildActionMask = 2147483647;
			files = (
				3FFF1CC81762756B00585A55 /* main.m in Sources */,
				3FFF1CDD1762839C00585A55 /* PMSong.m in Sources */,
				3FFF1CDE1762839C00585A55 /* PMArtist.m in Sources */,
				3FFF1CE4176285FF00585A55 /* PMControl.m in Sources */,
			);
			runOnlyForDeploymentPostprocessing = 0;
		};
/* End PBXSourcesBuildPhase section */

/* Begin XCBuildConfiguration section */
		3FFF1CCD1762756B00585A55 /* Debug */ = {
			isa = XCBuildConfiguration;
			buildSettings = {
				ALWAYS_SEARCH_USER_PATHS = NO;
				ARCHS = "$(ARCHS_STANDARD_64_BIT)";
				CLANG_CXX_LANGUAGE_STANDARD = "gnu++0x";
				CLANG_CXX_LIBRARY = "libc++";
				CLANG_ENABLE_OBJC_ARC = YES;
				CLANG_WARN_CONSTANT_CONVERSION = YES;
				CLANG_WARN_EMPTY_BODY = YES;
				CLANG_WARN_ENUM_CONVERSION = YES;
				CLANG_WARN_INT_CONVERSION = YES;
				CLANG_WARN__DUPLICATE_METHOD_MATCH = YES;
				COPY_PHASE_STRIP = NO;
				GCC_C_LANGUAGE_STANDARD = gnu99;
				GCC_DYNAMIC_NO_PIC = NO;
				GCC_ENABLE_OBJC_EXCEPTIONS = YES;
				GCC_OPTIMIZATION_LEVEL = 0;
				GCC_PREPROCESSOR_DEFINITIONS = (
					"DEBUG=1",
					"$(inherited)",
				);
				GCC_SYMBOLS_PRIVATE_EXTERN = NO;
				GCC_WARN_64_TO_32_BIT_CONVERSION = YES;
				GCC_WARN_ABOUT_RETURN_TYPE = YES;
				GCC_WARN_UNINITIALIZED_AUTOS = YES;
				GCC_WARN_UNUSED_VARIABLE = YES;
				MACOSX_DEPLOYMENT_TARGET = 10.8;
				ONLY_ACTIVE_ARCH = YES;
				SDKROOT = macosx;
			};
			name = Debug;
		};
		3FFF1CCE1762756B00585A55 /* Release */ = {
			isa = XCBuildConfiguration;
			buildSettings = {
				ALWAYS_SEARCH_USER_PATHS = NO;
				ARCHS = "$(ARCHS_STANDARD_64_BIT)";
				CLANG_CXX_LANGUAGE_STANDARD = "gnu++0x";
				CLANG_CXX_LIBRARY = "libc++";
				CLANG_ENABLE_OBJC_ARC = YES;
				CLANG_WARN_CONSTANT_CONVERSION = YES;
				CLANG_WARN_EMPTY_BODY = YES;
				CLANG_WARN_ENUM_CONVERSION = YES;
				CLANG_WARN_INT_CONVERSION = YES;
				CLANG_WARN__DUPLICATE_METHOD_MATCH = YES;
				COPY_PHASE_STRIP = YES;
				DEBUG_INFORMATION_FORMAT = "dwarf-with-dsym";
				GCC_C_LANGUAGE_STANDARD = gnu99;
				GCC_ENABLE_OBJC_EXCEPTIONS = YES;
				GCC_WARN_64_TO_32_BIT_CONVERSION = YES;
				GCC_WARN_ABOUT_RETURN_TYPE = YES;
				GCC_WARN_UNINITIALIZED_AUTOS = YES;
				GCC_WARN_UNUSED_VARIABLE = YES;
				MACOSX_DEPLOYMENT_TARGET = 10.8;
				SDKROOT = macosx;
			};
			name = Release;
		};
		3FFF1CD01762756B00585A55 /* Debug */ = {
			isa = XCBuildConfiguration;
			buildSettings = {
				GCC_PRECOMPILE_PREFIX_HEADER = YES;
				GCC_PREFIX_HEADER = "PhoMRE/PhoMRE-Prefix.pch";
				PRODUCT_NAME = "$(TARGET_NAME)";
			};
			name = Debug;
		};
		3FFF1CD11762756B00585A55 /* Release */ = {
			isa = XCBuildConfiguration;
			buildSettings = {
				GCC_PRECOMPILE_PREFIX_HEADER = YES;
				GCC_PREFIX_HEADER = "PhoMRE/PhoMRE-Prefix.pch";
				PRODUCT_NAME = "$(TARGET_NAME)";
			};
			name = Release;
		};
/* End XCBuildConfiguration section */

/* Begin XCConfigurationList section */
		3FFF1CBC1762756B00585A55 /* Build configuration list for PBXProject "PhoMRE" */ = {
			isa = XCConfigurationList;
			buildConfigurations = (
				3FFF1CCD1762756B00585A55 /* Debug */,
				3FFF1CCE1762756B00585A55 /* Release */,
			);
			defaultConfigurationIsVisible = 0;
			defaultConfigurationName = Release;
		};
		3FFF1CCF1762756B00585A55 /* Build configuration list for PBXNativeTarget "PhoMRE" */ = {
			isa = XCConfigurationList;
			buildConfigurations = (
				3FFF1CD01762756B00585A55 /* Debug */,
				3FFF1CD11762756B00585A55 /* Release */,
			);
			defaultConfigurationIsVisible = 0;
		};
/* End XCConfigurationList section */
	};
	rootObject = 3FFF1CB91762756B00585A55 /* Project object */;
}
